
Microsoft Visual Studio Solution File, Format Version 12.00
# Visual Studio 14
VisualStudioVersion = 14.0.25420.1
MinimumVisualStudioVersion = 10.0.40219.1
Project("{FAE04EC0-301F-11D3-BF4B-00C04F79EFBC}") = "CondiCalc_XFP", "CondiCalc_XFP\CondiCalc_XFP\CondiCalc_XFP.csproj", "{827F8AFA-3139-4610-BA3F-67B87F12FDFA}"
EndProject
Project("{FAE04EC0-301F-11D3-BF4B-00C04F79EFBC}") = "CondiCalc_XFP.Droid", "CondiCalc_XFP\CondiCalc_XFP.Droid\CondiCalc_XFP.Droid.csproj", "{21BF4EB5-82EC-4FE5-BC06-E97591E371DD}"
EndProject
Project("{FAE04EC0-301F-11D3-BF4B-00C04F79EFBC}") = "CondiCalc_XFP.iOS", "CondiCalc_XFP\CondiCalc_XFP.iOS\CondiCalc_XFP.iOS.csproj", "{8953FB13-77F7-4374-B0A5-F36F2AF46164}"
EndProject
Global
	GlobalSection(SolutionConfigurationPlatforms) = preSolution
		Ad-Hoc|Any CPU = Ad-Hoc|Any CPU
		Ad-Hoc|ARM = Ad-Hoc|ARM
		Ad-Hoc|iPhone = Ad-Hoc|iPhone
		Ad-Hoc|iPhoneSimulator = Ad-Hoc|iPhoneSimulator
		Ad-Hoc|x64 = Ad-Hoc|x64
		Ad-Hoc|x86 = Ad-Hoc|x86
		AppStore|Any CPU = AppStore|Any CPU
		AppStore|ARM = AppStore|ARM
		AppStore|iPhone = AppStore|iPhone
		AppStore|iPhoneSimulator = AppStore|iPhoneSimulator
		AppStore|x64 = AppStore|x64
		AppStore|x86 = AppStore|x86
		Debug|Any CPU = Debug|Any CPU
		Debug|ARM = Debug|ARM
		Debug|iPhone = Debug|iPhone
		Debug|iPhoneSimulator = Debug|iPhoneSimulator
		Debug|x64 = Debug|x64
		Debug|x86 = Debug|x86
		Release|Any CPU = Release|Any CPU
		Release|ARM = Release|ARM
		Release|iPhone = Release|iPhone
		Release|iPhoneSimulator = Release|iPhoneSimulator
		Release|x64 = Release|x64
		Release|x86 = Release|x86
	EndGlobalSection
	GlobalSection(ProjectConfigurationPlatforms) = postSolution
		{827F8AFA-3139-4610-BA3F-67B87F12FDFA}.Ad-Hoc|Any CPU.ActiveCfg = Release|Any CPU
		{827F8AFA-3139-4610-BA3F-67B87F12FDFA}.Ad-Hoc|Any CPU.Build.0 = Release|Any CPU
		{827F8AFA-3139-4610-BA3F-67B87F12FDFA}.Ad-Hoc|ARM.ActiveCfg = Release|Any CPU
		{827F8AFA-3139-4610-BA3F-67B87F12FDFA}.Ad-Hoc|ARM.Build.0 = Release|Any CPU
		{827F8AFA-3139-4610-BA3F-67B87F12FDFA}.Ad-Hoc|iPhone.ActiveCfg = Release|Any CPU
		{827F8AFA-3139-4610-BA3F-67B87F12FDFA}.Ad-Hoc|iPhone.Build.0 = Release|Any CPU
		{827F8AFA-3139-4610-BA3F-67B87F12FDFA}.Ad-Hoc|iPhoneSimulator.ActiveCfg = Release|Any CPU
		{827F8AFA-3139-4610-BA3F-67B87F12FDFA}.Ad-Hoc|iPhoneSimulator.Build.0 = Release|Any CPU
		{827F8AFA-3139-4610-BA3F-67B87F12FDFA}.Ad-Hoc|x64.ActiveCfg = Release|Any CPU
		{827F8AFA-3139-4610-BA3F-67B87F12FDFA}.Ad-Hoc|x64.Build.0 = Release|Any CPU
		{827F8AFA-3139-4610-BA3F-67B87F12FDFA}.Ad-Hoc|x86.ActiveCfg = Release|Any CPU
		{827F8AFA-3139-4610-BA3F-67B87F12FDFA}.Ad-Hoc|x86.Build.0 = Release|Any CPU
		{827F8AFA-3139-4610-BA3F-67B87F12FDFA}.AppStore|Any CPU.ActiveCfg = Release|Any CPU
		{827F8AFA-3139-4610-BA3F-67B87F12FDFA}.AppStore|Any CPU.Build.0 = Release|Any CPU
		{827F8AFA-3139-4610-BA3F-67B87F12FDFA}.AppStore|ARM.ActiveCfg = Release|Any CPU
		{827F8AFA-3139-4610-BA3F-67B87F12FDFA}.AppStore|ARM.Build.0 = Release|Any CPU
		{827F8AFA-3139-4610-BA3F-67B87F12FDFA}.AppStore|iPhone.ActiveCfg = Release|Any CPU
		{827F8AFA-3139-4610-BA3F-67B87F12FDFA}.AppStore|iPhone.Build.0 = Release|Any CPU
		{827F8AFA-3139-4610-BA3F-67B87F12FDFA}.AppStore|iPhoneSimulator.ActiveCfg = Release|Any CPU
		{827F8AFA-3139-4610-BA3F-67B87F12FDFA}.AppStore|iPhoneSimulator.Build.0 = Release|Any CPU
		{827F8AFA-3139-4610-BA3F-67B87F12FDFA}.AppStore|x64.ActiveCfg = Release|Any CPU
		{827F8AFA-3139-4610-BA3F-67B87F12FDFA}.AppStore|x64.Build.0 = Release|Any CPU
		{827F8AFA-3139-4610-BA3F-67B87F12FDFA}.AppStore|x86.ActiveCfg = Release|Any CPU
		{827F8AFA-3139-4610-BA3F-67B87F12FDFA}.AppStore|x86.Build.0 = Release|Any CPU
		{827F8AFA-3139-4610-BA3F-67B87F12FDFA}.Debug|Any CPU.ActiveCfg = Debug|Any CPU
		{827F8AFA-3139-4610-BA3F-67B87F12FDFA}.Debug|Any CPU.Build.0 = Debug|Any CPU
		{827F8AFA-3139-4610-BA3F-67B87F12FDFA}.Debug|ARM.ActiveCfg = Debug|Any CPU
		{827F8AFA-3139-4610-BA3F-67B87F12FDFA}.Debug|ARM.Build.0 = Debug|Any CPU
		{827F8AFA-3139-4610-BA3F-67B87F12FDFA}.Debug|iPhone.ActiveCfg = Debug|Any CPU
		{827F8AFA-3139-4610-BA3F-67B87F12FDFA}.Debug|iPhone.Build.0 = Debug|Any CPU
		{827F8AFA-3139-4610-BA3F-67B87F12FDFA}.Debug|iPhoneSimulator.ActiveCfg = Debug|Any CPU
		{827F8AFA-3139-4610-BA3F-67B87F12FDFA}.Debug|iPhoneSimulator.Build.0 = Debug|Any CPU
		{827F8AFA-3139-4610-BA3F-67B87F12FDFA}.Debug|x64.ActiveCfg = Debug|Any CPU
		{827F8AFA-3139-4610-BA3F-67B87F12FDFA}.Debug|x64.Build.0 = Debug|Any CPU
		{827F8AFA-3139-4610-BA3F-67B87F12FDFA}.Debug|x86.ActiveCfg = Debug|Any CPU
		{827F8AFA-3139-4610-BA3F-67B87F12FDFA}.Debug|x86.Build.0 = Debug|Any CPU
		{827F8AFA-3139-4610-BA3F-67B87F12FDFA}.Release|Any CPU.ActiveCfg = Release|Any CPU
		{827F8AFA-3139-4610-BA3F-67B87F12FDFA}.Release|Any CPU.Build.0 = Release|Any CPU
		{827F8AFA-3139-4610-BA3F-67B87F12FDFA}.Release|ARM.ActiveCfg = Release|Any CPU
		{827F8AFA-3139-4610-BA3F-67B87F12FDFA}.Release|ARM.Build.0 = Release|Any CPU
		{827F8AFA-3139-4610-BA3F-67B87F12FDFA}.Release|iPhone.ActiveCfg = Release|Any CPU
		{827F8AFA-3139-4610-BA3F-67B87F12FDFA}.Release|iPhone.Build.0 = Release|Any CPU
		{827F8AFA-3139-4610-BA3F-67B87F12FDFA}.Release|iPhoneSimulator.ActiveCfg = Release|Any CPU
		{827F8AFA-3139-4610-BA3F-67B87F12FDFA}.Release|iPhoneSimulator.Build.0 = Release|Any CPU
		{827F8AFA-3139-4610-BA3F-67B87F12FDFA}.Release|x64.ActiveCfg = Release|Any CPU
		{827F8AFA-3139-4610-BA3F-67B87F12FDFA}.Release|x64.Build.0 = Release|Any CPU
		{827F8AFA-3139-4610-BA3F-67B87F12FDFA}.Release|x86.ActiveCfg = Release|Any CPU
		{827F8AFA-3139-4610-BA3F-67B87F12FDFA}.Release|x86.Build.0 = Release|Any CPU
		{21BF4EB5-82EC-4FE5-BC06-E97591E371DD}.Ad-Hoc|Any CPU.ActiveCfg = Release|Any CPU
		{21BF4EB5-82EC-4FE5-BC06-E97591E371DD}.Ad-Hoc|Any CPU.Build.0 = Release|Any CPU
		{21BF4EB5-82EC-4FE5-BC06-E97591E371DD}.Ad-Hoc|Any CPU.Deploy.0 = Release|Any CPU
		{21BF4EB5-82EC-4FE5-BC06-E97591E371DD}.Ad-Hoc|ARM.ActiveCfg = Release|Any CPU
		{21BF4EB5-82EC-4FE5-BC06-E97591E371DD}.Ad-Hoc|ARM.Build.0 = Release|Any CPU
		{21BF4EB5-82EC-4FE5-BC06-E97591E371DD}.Ad-Hoc|ARM.Deploy.0 = Release|Any CPU
		{21BF4EB5-82EC-4FE5-BC06-E97591E371DD}.Ad-Hoc|iPhone.ActiveCfg = Release|Any CPU
		{21BF4EB5-82EC-4FE5-BC06-E97591E371DD}.Ad-Hoc|iPhone.Build.0 = Release|Any CPU
		{21BF4EB5-82EC-4FE5-BC06-E97591E371DD}.Ad-Hoc|iPhone.Deploy.0 = Release|Any CPU
		{21BF4EB5-82EC-4FE5-BC06-E97591E371DD}.Ad-Hoc|iPhoneSimulator.ActiveCfg = Release|Any CPU
		{21BF4EB5-82EC-4FE5-BC06-E97591E371DD}.Ad-Hoc|iPhoneSimulator.Build.0 = Release|Any CPU
		{21BF4EB5-82EC-4FE5-BC06-E97591E371DD}.Ad-Hoc|iPhoneSimulator.Deploy.0 = Release|Any CPU
		{21BF4EB5-82EC-4FE5-BC06-E97591E371DD}.Ad-Hoc|x64.ActiveCfg = Release|Any CPU
		{21BF4EB5-82EC-4FE5-BC06-E97591E371DD}.Ad-Hoc|x64.Build.0 = Release|Any CPU
		{21BF4EB5-82EC-4FE5-BC06-E97591E371DD}.Ad-Hoc|x64.Deploy.0 = Release|Any CPU
		{21BF4EB5-82EC-4FE5-BC06-E97591E371DD}.Ad-Hoc|x86.ActiveCfg = Release|Any CPU
		{21BF4EB5-82EC-4FE5-BC06-E97591E371DD}.Ad-Hoc|x86.Build.0 = Release|Any CPU
		{21BF4EB5-82EC-4FE5-BC06-E97591E371DD}.Ad-Hoc|x86.Deploy.0 = Release|Any CPU
		{21BF4EB5-82EC-4FE5-BC06-E97591E371DD}.AppStore|Any CPU.ActiveCfg = Release|Any CPU
		{21BF4EB5-82EC-4FE5-BC06-E97591E371DD}.AppStore|Any CPU.Build.0 = Release|Any CPU
		{21BF4EB5-82EC-4FE5-BC06-E97591E371DD}.AppStore|Any CPU.Deploy.0 = Release|Any CPU
		{21BF4EB5-82EC-4FE5-BC06-E97591E371DD}.AppStore|ARM.ActiveCfg = Release|Any CPU
		{21BF4EB5-82EC-4FE5-BC06-E97591E371DD}.AppStore|ARM.Build.0 = Release|Any CPU
		{21BF4EB5-82EC-4FE5-BC06-E97591E371DD}.AppStore|ARM.Deploy.0 = Release|Any CPU
		{21BF4EB5-82EC-4FE5-BC06-E97591E371DD}.AppStore|iPhone.ActiveCfg = Release|Any CPU
		{21BF4EB5-82EC-4FE5-BC06-E97591E371DD}.AppStore|iPhone.Build.0 = Release|Any CPU
		{21BF4EB5-82EC-4FE5-BC06-E97591E371DD}.AppStore|iPhone.Deploy.0 = Release|Any CPU
		{21BF4EB5-82EC-4FE5-BC06-E97591E371DD}.AppStore|iPhoneSimulator.ActiveCfg = Release|Any CPU
		{21BF4EB5-82EC-4FE5-BC06-E97591E371DD}.AppStore|iPhoneSimulator.Build.0 = Release|Any CPU
		{21BF4EB5-82EC-4FE5-BC06-E97591E371DD}.AppStore|iPhoneSimulator.Deploy.0 = Release|Any CPU
		{21BF4EB5-82EC-4FE5-BC06-E97591E371DD}.AppStore|x64.ActiveCfg = Release|Any CPU
		{21BF4EB5-82EC-4FE5-BC06-E97591E371DD}.AppStore|x64.Build.0 = Release|Any CPU
		{21BF4EB5-82EC-4FE5-BC06-E97591E371DD}.AppStore|x64.Deploy.0 = Release|Any CPU
		{21BF4EB5-82EC-4FE5-BC06-E97591E371DD}.AppStore|x86.ActiveCfg = Release|Any CPU
		{21BF4EB5-82EC-4FE5-BC06-E97591E371DD}.AppStore|x86.Build.0 = Release|Any CPU
		{21BF4EB5-82EC-4FE5-BC06-E97591E371DD}.AppStore|x86.Deploy.0 = Release|Any CPU
		{21BF4EB5-82EC-4FE5-BC06-E97591E371DD}.Debug|Any CPU.ActiveCfg = Debug|Any CPU
		{21BF4EB5-82EC-4FE5-BC06-E97591E371DD}.Debug|Any CPU.Build.0 = Debug|Any CPU
		{21BF4EB5-82EC-4FE5-BC06-E97591E371DD}.Debug|Any CPU.Deploy.0 = Debug|Any CPU
		{21BF4EB5-82EC-4FE5-BC06-E97591E371DD}.Debug|ARM.ActiveCfg = Debug|Any CPU
		{21BF4EB5-82EC-4FE5-BC06-E97591E371DD}.Debug|ARM.Build.0 = Debug|Any CPU
		{21BF4EB5-82EC-4FE5-BC06-E97591E371DD}.Debug|ARM.Deploy.0 = Debug|Any CPU
		{21BF4EB5-82EC-4FE5-BC06-E97591E371DD}.Debug|iPhone.ActiveCfg = Debug|Any CPU
		{21BF4EB5-82EC-4FE5-BC06-E97591E371DD}.Debug|iPhone.Build.0 = Debug|Any CPU
		{21BF4EB5-82EC-4FE5-BC06-E97591E371DD}.Debug|iPhone.Deploy.0 = Debug|Any CPU
		{21BF4EB5-82EC-4FE5-BC06-E97591E371DD}.Debug|iPhoneSimulator.ActiveCfg = Debug|Any CPU
		{21BF4EB5-82EC-4FE5-BC06-E97591E371DD}.Debug|iPhoneSimulator.Build.0 = Debug|Any CPU
		{21BF4EB5-82EC-4FE5-BC06-E97591E371DD}.Debug|iPhoneSimulator.Deploy.0 = Debug|Any CPU
		{21BF4EB5-82EC-4FE5-BC06-E97591E371DD}.Debug|x64.ActiveCfg = Debug|Any CPU
		{21BF4EB5-82EC-4FE5-BC06-E97591E371DD}.Debug|x64.Build.0 = Debug|Any CPU
		{21BF4EB5-82EC-4FE5-BC06-E97591E371DD}.Debug|x64.Deploy.0 = Debug|Any CPU
		{21BF4EB5-82EC-4FE5-BC06-E97591E371DD}.Debug|x86.ActiveCfg = Debug|Any CPU
		{21BF4EB5-82EC-4FE5-BC06-E97591E371DD}.Debug|x86.Build.0 = Debug|Any CPU
		{21BF4EB5-82EC-4FE5-BC06-E97591E371DD}.Debug|x86.Deploy.0 = Debug|Any CPU
		{21BF4EB5-82EC-4FE5-BC06-E97591E371DD}.Release|Any CPU.ActiveCfg = Release|Any CPU
		{21BF4EB5-82EC-4FE5-BC06-E97591E371DD}.Release|Any CPU.Build.0 = Release|Any CPU
		{21BF4EB5-82EC-4FE5-BC06-E97591E371DD}.Release|Any CPU.Deploy.0 = Release|Any CPU
		{21BF4EB5-82EC-4FE5-BC06-E97591E371DD}.Release|ARM.ActiveCfg = Release|Any CPU
		{21BF4EB5-82EC-4FE5-BC06-E97591E371DD}.Release|ARM.Build.0 = Release|Any CPU
		{21BF4EB5-82EC-4FE5-BC06-E97591E371DD}.Release|ARM.Deploy.0 = Release|Any CPU
		{21BF4EB5-82EC-4FE5-BC06-E97591E371DD}.Release|iPhone.ActiveCfg = Release|Any CPU
		{21BF4EB5-82EC-4FE5-BC06-E97591E371DD}.Release|iPhone.Build.0 = Release|Any CPU
		{21BF4EB5-82EC-4FE5-BC06-E97591E371DD}.Release|iPhone.Deploy.0 = Release|Any CPU
		{21BF4EB5-82EC-4FE5-BC06-E97591E371DD}.Release|iPhoneSimulator.ActiveCfg = Release|Any CPU
		{21BF4EB5-82EC-4FE5-BC06-E97591E371DD}.Release|iPhoneSimulator.Build.0 = Release|Any CPU
		{21BF4EB5-82EC-4FE5-BC06-E97591E371DD}.Release|iPhoneSimulator.Deploy.0 = Release|Any CPU
		{21BF4EB5-82EC-4FE5-BC06-E97591E371DD}.Release|x64.ActiveCfg = Release|Any CPU
		{21BF4EB5-82EC-4FE5-BC06-E97591E371DD}.Release|x64.Build.0 = Release|Any CPU
		{21BF4EB5-82EC-4FE5-BC06-E97591E371DD}.Release|x64.Deploy.0 = Release|Any CPU
		{21BF4EB5-82EC-4FE5-BC06-E97591E371DD}.Release|x86.ActiveCfg = Release|Any CPU
		{21BF4EB5-82EC-4FE5-BC06-E97591E371DD}.Release|x86.Build.0 = Release|Any CPU
		{21BF4EB5-82EC-4FE5-BC06-E97591E371DD}.Release|x86.Deploy.0 = Release|Any CPU
		{8953FB13-77F7-4374-B0A5-F36F2AF46164}.Ad-Hoc|Any CPU.ActiveCfg = Ad-Hoc|iPhone
		{8953FB13-77F7-4374-B0A5-F36F2AF46164}.Ad-Hoc|ARM.ActiveCfg = Ad-Hoc|iPhone
		{8953FB13-77F7-4374-B0A5-F36F2AF46164}.Ad-Hoc|iPhone.ActiveCfg = Ad-Hoc|iPhone
		{8953FB13-77F7-4374-B0A5-F36F2AF46164}.Ad-Hoc|iPhone.Build.0 = Ad-Hoc|iPhone
		{8953FB13-77F7-4374-B0A5-F36F2AF46164}.Ad-Hoc|iPhoneSimulator.ActiveCfg = Ad-Hoc|iPhoneSimulator
		{8953FB13-77F7-4374-B0A5-F36F2AF46164}.Ad-Hoc|iPhoneSimulator.Build.0 = Ad-Hoc|iPhoneSimulator
		{8953FB13-77F7-4374-B0A5-F36F2AF46164}.Ad-Hoc|x64.ActiveCfg = Ad-Hoc|iPhone
		{8953FB13-77F7-4374-B0A5-F36F2AF46164}.Ad-Hoc|x86.ActiveCfg = Ad-Hoc|iPhone
		{8953FB13-77F7-4374-B0A5-F36F2AF46164}.AppStore|Any CPU.ActiveCfg = AppStore|iPhone
		{8953FB13-77F7-4374-B0A5-F36F2AF46164}.AppStore|ARM.ActiveCfg = AppStore|iPhone
		{8953FB13-77F7-4374-B0A5-F36F2AF46164}.AppStore|iPhone.ActiveCfg = AppStore|iPhone
		{8953FB13-77F7-4374-B0A5-F36F2AF46164}.AppStore|iPhone.Build.0 = AppStore|iPhone
		{8953FB13-77F7-4374-B0A5-F36F2AF46164}.AppStore|iPhoneSimulator.ActiveCfg = AppStore|iPhoneSimulator
		{8953FB13-77F7-4374-B0A5-F36F2AF46164}.AppStore|iPhoneSimulator.Build.0 = AppStore|iPhoneSimulator
		{8953FB13-77F7-4374-B0A5-F36F2AF46164}.AppStore|x64.ActiveCfg = AppStore|iPhone
		{8953FB13-77F7-4374-B0A5-F36F2AF46164}.AppStore|x86.ActiveCfg = AppStore|iPhone
		{8953FB13-77F7-4374-B0A5-F36F2AF46164}.Debug|Any CPU.ActiveCfg = Debug|iPhone
		{8953FB13-77F7-4374-B0A5-F36F2AF46164}.Debug|ARM.ActiveCfg = Debug|iPhone
		{8953FB13-77F7-4374-B0A5-F36F2AF46164}.Debug|iPhone.ActiveCfg = Debug|iPhone
		{8953FB13-77F7-4374-B0A5-F36F2AF46164}.Debug|iPhone.Build.0 = Debug|iPhone
		{8953FB13-77F7-4374-B0A5-F36F2AF46164}.Debug|iPhoneSimulator.ActiveCfg = Debug|iPhoneSimulator
		{8953FB13-77F7-4374-B0A5-F36F2AF46164}.Debug|iPhoneSimulator.Build.0 = Debug|iPhoneSimulator
		{8953FB13-77F7-4374-B0A5-F36F2AF46164}.Debug|x64.ActiveCfg = Debug|iPhone
		{8953FB13-77F7-4374-B0A5-F36F2AF46164}.Debug|x86.ActiveCfg = Debug|iPhone
		{8953FB13-77F7-4374-B0A5-F36F2AF46164}.Release|Any CPU.ActiveCfg = Release|iPhone
		{8953FB13-77F7-4374-B0A5-F36F2AF46164}.Release|ARM.ActiveCfg = Release|iPhone
		{8953FB13-77F7-4374-B0A5-F36F2AF46164}.Release|iPhone.ActiveCfg = Release|iPhone
		{8953FB13-77F7-4374-B0A5-F36F2AF46164}.Release|iPhone.Build.0 = Release|iPhone
		{8953FB13-77F7-4374-B0A5-F36F2AF46164}.Release|iPhoneSimulator.ActiveCfg = Release|iPhoneSimulator
		{8953FB13-77F7-4374-B0A5-F36F2AF46164}.Release|iPhoneSimulator.Build.0 = Release|iPhoneSimulator
		{8953FB13-77F7-4374-B0A5-F36F2AF46164}.Release|x64.ActiveCfg = Release|iPhone
		{8953FB13-77F7-4374-B0A5-F36F2AF46164}.Release|x86.ActiveCfg = Release|iPhone
	EndGlobalSection
	GlobalSection(SolutionProperties) = preSolution
		HideSolutionNode = FALSE
	EndGlobalSection
EndGlobal
